
Microsoft Visual Studio Solution File, Format Version 12.00
# Visual Studio Version 16
VisualStudioVersion = 16.0.29319.158
MinimumVisualStudioVersion = 10.0.40219.1
Project("{9A19103F-16F7-4668-BE54-9A1E7A4F7556}") = "SortFiles", "SortFiles\SortFiles.csproj", "{1BEAF66B-FD91-4E0C-85BA-EE07F9AA47CC}"
EndProject
Project("{2150E333-8FDC-42A3-9474-1A3956D46DE8}") = "Solution Items", "Solution Items", "{2CFC9C65-8283-4BA9-81FD-F68B8271B49A}"
	ProjectSection(SolutionItems) = preProject
		nuget.config = nuget.config
	EndProjectSection
EndProject
Project("{930C7802-8A8C-48F9-8165-68863BCCD9DD}") = "SortFilesInstaller", "SortFilesInstaller\SortFilesInstaller.wixproj", "{7E4EA9F7-2AE1-4E06-ACCF-43FDFFF5454A}"
EndProject
Global
	GlobalSection(SolutionConfigurationPlatforms) = preSolution
		Debug|Any CPU = Debug|Any CPU
		Debug|x86 = Debug|x86
		Release|Any CPU = Release|Any CPU
		Release|x86 = Release|x86
	EndGlobalSection
	GlobalSection(ProjectConfigurationPlatforms) = postSolution
		{1BEAF66B-FD91-4E0C-85BA-EE07F9AA47CC}.Debug|Any CPU.ActiveCfg = Debug|Any CPU
		{1BEAF66B-FD91-4E0C-85BA-EE07F9AA47CC}.Debug|Any CPU.Build.0 = Debug|Any CPU
		{1BEAF66B-FD91-4E0C-85BA-EE07F9AA47CC}.Debug|x86.ActiveCfg = Debug|Any CPU
		{1BEAF66B-FD91-4E0C-85BA-EE07F9AA47CC}.Debug|x86.Build.0 = Debug|Any CPU
		{1BEAF66B-FD91-4E0C-85BA-EE07F9AA47CC}.Release|Any CPU.ActiveCfg = Release|Any CPU
		{1BEAF66B-FD91-4E0C-85BA-EE07F9AA47CC}.Release|Any CPU.Build.0 = Release|Any CPU
		{1BEAF66B-FD91-4E0C-85BA-EE07F9AA47CC}.Release|x86.ActiveCfg = Release|Any CPU
		{1BEAF66B-FD91-4E0C-85BA-EE07F9AA47CC}.Release|x86.Build.0 = Release|Any CPU
		{7E4EA9F7-2AE1-4E06-ACCF-43FDFFF5454A}.Debug|Any CPU.ActiveCfg = Debug|x86
		{7E4EA9F7-2AE1-4E06-ACCF-43FDFFF5454A}.Debug|x86.ActiveCfg = Debug|x86
		{7E4EA9F7-2AE1-4E06-ACCF-43FDFFF5454A}.Debug|x86.Build.0 = Debug|x86
		{7E4EA9F7-2AE1-4E06-ACCF-43FDFFF5454A}.Release|Any CPU.ActiveCfg = Release|x86
		{7E4EA9F7-2AE1-4E06-ACCF-43FDFFF5454A}.Release|Any CPU.Build.0 = Release|x86
		{7E4EA9F7-2AE1-4E06-ACCF-43FDFFF5454A}.Release|x86.ActiveCfg = Release|x86
		{7E4EA9F7-2AE1-4E06-ACCF-43FDFFF5454A}.Release|x86.Build.0 = Release|x86
	EndGlobalSection
	GlobalSection(SolutionProperties) = preSolution
		HideSolutionNode = FALSE
	EndGlobalSection
	GlobalSection(ExtensibilityGlobals) = postSolution
		SolutionGuid = {6596417B-29B4-40F2-A6D7-7B979BDAA79C}
	EndGlobalSection
EndGlobal
